
Microsoft Visual Studio Solution File, Format Version 12.00
# Visual Studio Version 17
VisualStudioVersion = 17.5.002.0
MinimumVisualStudioVersion = 10.0.40219.1
Project("{9A19103F-16F7-4668-BE54-9A1E7A4F7556}") = "Todolist", "Todolist.csproj", "{098749B5-D8BC-44EA-ACC1-446B8BB75143}"
EndProject
Project("{FAE04EC0-301F-11D3-BF4B-00C04F79EFBC}") = "CalculatorApp", "CalculatorApp\CalculatorApp.csproj", "{DBAEE57E-EE53-4E71-95FB-475C321EFE08}"
EndProject
Project("{FAE04EC0-301F-11D3-BF4B-00C04F79EFBC}") = "tester", "tester\tester.csproj", "{2A2515CD-08DD-4049-92CA-AB496A3F1992}"
EndProject
Global
	GlobalSection(SolutionConfigurationPlatforms) = preSolution
		Debug|Any CPU = Debug|Any CPU
		Release|Any CPU = Release|Any CPU
	EndGlobalSection
	GlobalSection(ProjectConfigurationPlatforms) = postSolution
		{098749B5-D8BC-44EA-ACC1-446B8BB75143}.Debug|Any CPU.ActiveCfg = Debug|Any CPU
		{098749B5-D8BC-44EA-ACC1-446B8BB75143}.Debug|Any CPU.Build.0 = Debug|Any CPU
		{098749B5-D8BC-44EA-ACC1-446B8BB75143}.Release|Any CPU.ActiveCfg = Release|Any CPU
		{098749B5-D8BC-44EA-ACC1-446B8BB75143}.Release|Any CPU.Build.0 = Release|Any CPU
		{DBAEE57E-EE53-4E71-95FB-475C321EFE08}.Debug|Any CPU.ActiveCfg = Debug|Any CPU
		{DBAEE57E-EE53-4E71-95FB-475C321EFE08}.Debug|Any CPU.Build.0 = Debug|Any CPU
		{DBAEE57E-EE53-4E71-95FB-475C321EFE08}.Release|Any CPU.ActiveCfg = Release|Any CPU
		{DBAEE57E-EE53-4E71-95FB-475C321EFE08}.Release|Any CPU.Build.0 = Release|Any CPU
		{2A2515CD-08DD-4049-92CA-AB496A3F1992}.Debug|Any CPU.ActiveCfg = Debug|Any CPU
		{2A2515CD-08DD-4049-92CA-AB496A3F1992}.Debug|Any CPU.Build.0 = Debug|Any CPU
		{2A2515CD-08DD-4049-92CA-AB496A3F1992}.Release|Any CPU.ActiveCfg = Release|Any CPU
		{2A2515CD-08DD-4049-92CA-AB496A3F1992}.Release|Any CPU.Build.0 = Release|Any CPU
	EndGlobalSection
	GlobalSection(SolutionProperties) = preSolution
		HideSolutionNode = FALSE
	EndGlobalSection
	GlobalSection(ExtensibilityGlobals) = postSolution
		SolutionGuid = {7EA33A3F-7059-4060-9613-9F964F60DDF4}
	EndGlobalSection
EndGlobal
